
Microsoft Visual Studio Solution File, Format Version 12.00
# Visual Studio Version 16
VisualStudioVersion = 16.0.30804.86
MinimumVisualStudioVersion = 10.0.40219.1
Project("{9A19103F-16F7-4668-BE54-9A1E7A4F7556}") = "RabbitMQ.Publisher", "RabbitMQ.Publisher.csproj", "{ACA37ADE-BBF5-4217-932E-C8CF5AA48540}"
EndProject
Global
	GlobalSection(SolutionConfigurationPlatforms) = preSolution
		Debug|Any CPU = Debug|Any CPU
		Release|Any CPU = Release|Any CPU
	EndGlobalSection
	GlobalSection(ProjectConfigurationPlatforms) = postSolution
		{ACA37ADE-BBF5-4217-932E-C8CF5AA48540}.Debug|Any CPU.ActiveCfg = Debug|Any CPU
		{ACA37ADE-BBF5-4217-932E-C8CF5AA48540}.Debug|Any CPU.Build.0 = Debug|Any CPU
		{ACA37ADE-BBF5-4217-932E-C8CF5AA48540}.Release|Any CPU.ActiveCfg = Release|Any CPU
		{ACA37ADE-BBF5-4217-932E-C8CF5AA48540}.Release|Any CPU.Build.0 = Release|Any CPU
	EndGlobalSection
	GlobalSection(SolutionProperties) = preSolution
		HideSolutionNode = FALSE
	EndGlobalSection
	GlobalSection(ExtensibilityGlobals) = postSolution
		SolutionGuid = {EDFF59CB-F8DE-498A-9ED9-DA5CD042FEFB}
	EndGlobalSection
EndGlobal
